
Microsoft Visual Studio Solution File, Format Version 12.00
# Visual Studio Version 17
VisualStudioVersion = 17.9.34701.34
MinimumVisualStudioVersion = 10.0.40219.1
Project("{FAE04EC0-301F-11D3-BF4B-00C04F79EFBC}") = "HW_2", "HW_2.csproj", "{9A2A82F2-9045-4FE4-9E42-FADFC86DFB6E}"
EndProject
Global
	GlobalSection(SolutionConfigurationPlatforms) = preSolution
		Debug|Any CPU = Debug|Any CPU
		Release|Any CPU = Release|Any CPU
	EndGlobalSection
	GlobalSection(ProjectConfigurationPlatforms) = postSolution
		{9A2A82F2-9045-4FE4-9E42-FADFC86DFB6E}.Debug|Any CPU.ActiveCfg = Debug|Any CPU
		{9A2A82F2-9045-4FE4-9E42-FADFC86DFB6E}.Debug|Any CPU.Build.0 = Debug|Any CPU
		{9A2A82F2-9045-4FE4-9E42-FADFC86DFB6E}.Release|Any CPU.ActiveCfg = Release|Any CPU
		{9A2A82F2-9045-4FE4-9E42-FADFC86DFB6E}.Release|Any CPU.Build.0 = Release|Any CPU
	EndGlobalSection
	GlobalSection(SolutionProperties) = preSolution
		HideSolutionNode = FALSE
	EndGlobalSection
	GlobalSection(ExtensibilityGlobals) = postSolution
		SolutionGuid = {534C62D8-958F-4602-BDDF-9E82369CF5B3}
	EndGlobalSection
EndGlobal
